{
    "name": "ai-agent",
    "version": "0.0.1",
    "lockfileVersion": 1,
    "requires": true,
    "dependencies": {
        "@adraffy/ens-normalize": {
            "version": "1.10.1",
            "resolved": "https://registry.npmjs.org/@adraffy/ens-normalize/-/ens-normalize-1.10.1.tgz",
            "integrity": "sha512-96Z2IP3mYmF1Xg2cDm8f1gWGf/HUVedQ3FMifV4kG/PQ4yEP51xDtRAEfhVNt5f/uzpNkZHwWQuUcu6D6K+Ekw=="
        },
        "@anthropic-ai/sdk": {
            "version": "0.32.1",
            "resolved": "https://registry.npmjs.org/@anthropic-ai/sdk/-/sdk-0.32.1.tgz",
            "integrity": "sha512-U9JwTrDvdQ9iWuABVsMLj8nJVwAyQz6QXvgLsVhryhCEPkLsbcP/MXxm+jYcAwLoV8ESbaTTjnD4kuAFa+Hyjg==",
            "requires": {
                "@types/node": "^18.11.18",
                "@types/node-fetch": "^2.6.4",
                "abort-controller": "^3.0.0",
                "agentkeepalive": "^4.2.1",
                "form-data-encoder": "1.7.2",
                "formdata-node": "^4.3.2",
                "node-fetch": "^2.6.7"
            }
        },
        "@babel/runtime": {
            "version": "7.26.0",
            "resolved": "https://registry.npmjs.org/@babel/runtime/-/runtime-7.26.0.tgz",
            "integrity": "sha512-FDSOghenHTiToteC/QRlv2q3DhPZ/oOXTBoirfWNx1Cx3TMVcGWQtMMmQcSvb/JjpNeGzx8Pq/b4fKEJuWm1sw==",
            "requires": {
                "regenerator-runtime": "^0.14.0"
            }
        },
        "@makerdao/multicall": {
            "version": "0.12.0",
            "resolved": "https://registry.npmjs.org/@makerdao/multicall/-/multicall-0.12.0.tgz",
            "integrity": "sha512-ARyv5EFqiaRegm1axPcDsOboBv8nCV6wDbPk9ODk5I1vM9IIcDOhw2DgPyW4i1+3ahrDTyuxPPy36Jm8My+LdA==",
            "requires": {
                "@babel/runtime": "^7.7.4",
                "cross-fetch": "^3.0.4",
                "debug": "^4.1.1",
                "ethers": "^4.0.27",
                "invariant": "^2.2.4",
                "isomorphic-ws": "^4.0.1",
                "lodash": "^4.17.11",
                "ws": "^7.2.0"
            },
            "dependencies": {
                "aes-js": {
                    "version": "3.0.0",
                    "resolved": "https://registry.npmjs.org/aes-js/-/aes-js-3.0.0.tgz",
                    "integrity": "sha512-H7wUZRn8WpTq9jocdxQ2c8x2sKo9ZVmzfRE13GiNJXfp7NcKYEdvl3vspKjXox6RIG2VtaRe4JFvxG4rqp2Zuw=="
                },
                "ethers": {
                    "version": "4.0.49",
                    "resolved": "https://registry.npmjs.org/ethers/-/ethers-4.0.49.tgz",
                    "integrity": "sha512-kPltTvWiyu+OktYy1IStSO16i2e7cS9D9OxZ81q2UUaiNPVrm/RTcbxamCXF9VUSKzJIdJV68EAIhTEVBalRWg==",
                    "requires": {
                        "aes-js": "3.0.0",
                        "bn.js": "^4.11.9",
                        "elliptic": "6.5.4",
                        "hash.js": "1.1.3",
                        "js-sha3": "0.5.7",
                        "scrypt-js": "2.0.4",
                        "setimmediate": "1.0.4",
                        "uuid": "2.0.1",
                        "xmlhttprequest": "1.8.0"
                    }
                },
                "ws": {
                    "version": "7.5.10",
                    "resolved": "https://registry.npmjs.org/ws/-/ws-7.5.10.tgz",
                    "integrity": "sha512-+dbF1tHwZpXcbOJdVOkzLDxZP1ailvSxM6ZweXTegylPny803bFhA+vqBYw4s31NSAk4S2Qz+AKXK9a4wkdjcQ=="
                }
            }
        },
        "@noble/curves": {
            "version": "1.2.0",
            "resolved": "https://registry.npmjs.org/@noble/curves/-/curves-1.2.0.tgz",
            "integrity": "sha512-oYclrNgRaM9SsBUBVbb8M6DTV7ZHRTKugureoYEncY5c65HOmRzvSiTE3y5CYaPYJA/GVkrhXEoF0M3Ya9PMnw==",
            "requires": {
                "@noble/hashes": "1.3.2"
            }
        },
        "@noble/hashes": {
            "version": "1.3.2",
            "resolved": "https://registry.npmjs.org/@noble/hashes/-/hashes-1.3.2.tgz",
            "integrity": "sha512-MVC8EAQp7MvEcm30KWENFjgR+Mkmf+D189XJTkFIlwohU5hcBbn1ZkKq7KVTi2Hme3PMGF390DaL52beVrIihQ=="
        },
        "@redis/bloom": {
            "version": "1.2.0",
            "resolved": "https://registry.npmjs.org/@redis/bloom/-/bloom-1.2.0.tgz",
            "integrity": "sha512-HG2DFjYKbpNmVXsa0keLHp/3leGJz1mjh09f2RLGGLQZzSHpkmZWuwJbAvo3QcRY8p80m5+ZdXZdYOSBLlp7Cg=="
        },
        "@redis/client": {
            "version": "1.6.0",
            "resolved": "https://registry.npmjs.org/@redis/client/-/client-1.6.0.tgz",
            "integrity": "sha512-aR0uffYI700OEEH4gYnitAnv3vzVGXCFvYfdpu/CJKvk4pHfLPEy/JSZyrpQ+15WhXe1yJRXLtfQ84s4mEXnPg==",
            "requires": {
                "cluster-key-slot": "1.1.2",
                "generic-pool": "3.9.0",
                "yallist": "4.0.0"
            }
        },
        "@redis/graph": {
            "version": "1.1.1",
            "resolved": "https://registry.npmjs.org/@redis/graph/-/graph-1.1.1.tgz",
            "integrity": "sha512-FEMTcTHZozZciLRl6GiiIB4zGm5z5F3F6a6FZCyrfxdKOhFlGkiAqlexWMBzCi4DcRoyiOsuLfW+cjlGWyExOw=="
        },
        "@redis/json": {
            "version": "1.0.7",
            "resolved": "https://registry.npmjs.org/@redis/json/-/json-1.0.7.tgz",
            "integrity": "sha512-6UyXfjVaTBTJtKNG4/9Z8PSpKE6XgSyEb8iwaqDcy+uKrd/DGYHTWkUdnQDyzm727V7p21WUMhsqz5oy65kPcQ=="
        },
        "@redis/search": {
            "version": "1.2.0",
            "resolved": "https://registry.npmjs.org/@redis/search/-/search-1.2.0.tgz",
            "integrity": "sha512-tYoDBbtqOVigEDMAcTGsRlMycIIjwMCgD8eR2t0NANeQmgK/lvxNAvYyb6bZDD4frHRhIHkJu2TBRvB0ERkOmw=="
        },
        "@redis/time-series": {
            "version": "1.1.0",
            "resolved": "https://registry.npmjs.org/@redis/time-series/-/time-series-1.1.0.tgz",
            "integrity": "sha512-c1Q99M5ljsIuc4YdaCwfUEXsofakb9c8+Zse2qxTadu8TalLXuAESzLvFAvNVbkmSlvlzIQOLpBCmWI9wTOt+g=="
        },
        "@types/node": {
            "version": "18.19.61",
            "resolved": "https://registry.npmjs.org/@types/node/-/node-18.19.61.tgz",
            "integrity": "sha512-z8fH66NcVkDzBItOao+Nyh0fiy7CYdxIyxnNCcZ60aY0I+EA/y4TSi/S/W9i8DIQvwVo7a0pgzAxmDeNnqrpkw==",
            "requires": {
                "undici-types": "~5.26.4"
            }
        },
        "@types/node-fetch": {
            "version": "2.6.11",
            "resolved": "https://registry.npmjs.org/@types/node-fetch/-/node-fetch-2.6.11.tgz",
            "integrity": "sha512-24xFj9R5+rfQJLRyM56qh+wnVSYhyXC2tkoBndtY0U+vubqNsYXGjufB2nn8Q6gt0LrARwL6UBtMCSVCwl4B1g==",
            "requires": {
                "@types/node": "*",
                "form-data": "^4.0.0"
            }
        },
        "abort-controller": {
            "version": "3.0.0",
            "resolved": "https://registry.npmjs.org/abort-controller/-/abort-controller-3.0.0.tgz",
            "integrity": "sha512-h8lQ8tacZYnR3vNQTgibj+tODHI5/+l06Au2Pcriv/Gmet0eaj4TwWH41sO9wnHDiQsEj19q0drzdWdeAHtweg==",
            "requires": {
                "event-target-shim": "^5.0.0"
            }
        },
        "aes-js": {
            "version": "4.0.0-beta.5",
            "resolved": "https://registry.npmjs.org/aes-js/-/aes-js-4.0.0-beta.5.tgz",
            "integrity": "sha512-G965FqalsNyrPqgEGON7nIx1e/OVENSgiEIzyC63haUMuvNnwIgIjMs52hlTCKhkBny7A2ORNlfY9Zu+jmGk1Q=="
        },
        "agentkeepalive": {
            "version": "4.5.0",
            "resolved": "https://registry.npmjs.org/agentkeepalive/-/agentkeepalive-4.5.0.tgz",
            "integrity": "sha512-5GG/5IbQQpC9FpkRGsSvZI5QYeSCzlJHdpBQntCsuTOxhKD8lqKhrleg2Yi7yvMIf82Ycmmqln9U8V9qwEiJew==",
            "requires": {
                "humanize-ms": "^1.2.1"
            }
        },
        "asynckit": {
            "version": "0.4.0",
            "resolved": "https://registry.npmjs.org/asynckit/-/asynckit-0.4.0.tgz",
            "integrity": "sha512-Oei9OH4tRh0YqU3GxhX79dM/mwVgvbZJaSNaRk+bshkj0S5cfHcgYakreBjrHwatXKbz+IoIdYLxrKim2MjW0Q=="
        },
        "axios": {
            "version": "1.7.7",
            "resolved": "https://registry.npmjs.org/axios/-/axios-1.7.7.tgz",
            "integrity": "sha512-S4kL7XrjgBmvdGut0sN3yJxqYzrDOnivkBiN0OFs6hLiUam3UPvswUo0kqGyhqUZGEOytHyumEdXsAkgCOUf3Q==",
            "requires": {
                "follow-redirects": "^1.15.6",
                "form-data": "^4.0.0",
                "proxy-from-env": "^1.1.0"
            }
        },
        "bignumber.js": {
            "version": "9.0.0",
            "resolved": "https://registry.npmjs.org/bignumber.js/-/bignumber.js-9.0.0.tgz",
            "integrity": "sha512-t/OYhhJ2SD+YGBQcjY8GzzDHEk9f3nerxjtfa6tlMXfe7frs/WozhvCNoGvpM0P3bNf3Gq5ZRMlGr5f3r4/N8A=="
        },
        "bn.js": {
            "version": "4.12.1",
            "resolved": "https://registry.npmjs.org/bn.js/-/bn.js-4.12.1.tgz",
            "integrity": "sha512-k8TVBiPkPJT9uHLdOKfFpqcfprwBFOAAXXozRubr7R7PfIuKvQlzcI4M0pALeqXN09vdaMbUdUj+pass+uULAg=="
        },
        "brorand": {
            "version": "1.1.0",
            "resolved": "https://registry.npmjs.org/brorand/-/brorand-1.1.0.tgz",
            "integrity": "sha512-cKV8tMCEpQs4hK/ik71d6LrPOnpkpGBR0wzxqr68g2m/LB2GxVYQroAjMJZRVM1Y4BCjCKc3vAamxSzOY2RP+w=="
        },
        "cluster-key-slot": {
            "version": "1.1.2",
            "resolved": "https://registry.npmjs.org/cluster-key-slot/-/cluster-key-slot-1.1.2.tgz",
            "integrity": "sha512-RMr0FhtfXemyinomL4hrWcYJxmX6deFdCxpJzhDttxgO1+bcCnkk+9drydLVDmAMG7NE6aN/fl4F7ucU/90gAA=="
        },
        "combined-stream": {
            "version": "1.0.8",
            "resolved": "https://registry.npmjs.org/combined-stream/-/combined-stream-1.0.8.tgz",
            "integrity": "sha512-FQN4MRfuJeHf7cBbBMJFXhKSDq+2kAArBlmRBvcvFE5BB1HZKXtSFASDhdlz9zOYwxh8lDdnvmMOe/+5cdoEdg==",
            "requires": {
                "delayed-stream": "~1.0.0"
            }
        },
        "core-util-is": {
            "version": "1.0.3",
            "resolved": "https://registry.npmjs.org/core-util-is/-/core-util-is-1.0.3.tgz",
            "integrity": "sha512-ZQBvi1DcpJ4GDqanjucZ2Hj3wEO5pZDS89BWbkcrvdxksJorwUDDZamX9ldFkp9aw2lmBDLgkObEA4DWNJ9FYQ=="
        },
        "cross-fetch": {
            "version": "3.1.8",
            "resolved": "https://registry.npmjs.org/cross-fetch/-/cross-fetch-3.1.8.tgz",
            "integrity": "sha512-cvA+JwZoU0Xq+h6WkMvAUqPEYy92Obet6UdKLfW60qn99ftItKjB5T+BkyWOFWe2pUyfQ+IJHmpOTznqk1M6Kg==",
            "requires": {
                "node-fetch": "^2.6.12"
            }
        },
        "date-format": {
            "version": "4.0.14",
            "resolved": "https://registry.npmjs.org/date-format/-/date-format-4.0.14.tgz",
            "integrity": "sha512-39BOQLs9ZjKh0/patS9nrT8wc3ioX3/eA/zgbKNopnF2wCqJEoxywwwElATYvRsXdnOxA/OQeQoFZ3rFjVajhg=="
        },
        "dayjs": {
            "version": "1.11.13",
            "resolved": "https://registry.npmjs.org/dayjs/-/dayjs-1.11.13.tgz",
            "integrity": "sha512-oaMBel6gjolK862uaPQOVTA7q3TZhuSvuMQAAglQDOWYO9A91IrAOUJEyKVlqJlHE0vq5p5UXxzdPfMH/x6xNg=="
        },
        "debug": {
            "version": "4.3.7",
            "resolved": "https://registry.npmjs.org/debug/-/debug-4.3.7.tgz",
            "integrity": "sha512-Er2nc/H7RrMXZBFCEim6TCmMk02Z8vLC2Rbi1KEBggpo0fS6l0S1nnapwmIi3yW/+GOJap1Krg4w0Hg80oCqgQ==",
            "requires": {
                "ms": "^2.1.3"
            }
        },
        "delayed-stream": {
            "version": "1.0.0",
            "resolved": "https://registry.npmjs.org/delayed-stream/-/delayed-stream-1.0.0.tgz",
            "integrity": "sha512-ZySD7Nf91aLB0RxL4KGrKHBXl7Eds1DAmEdcoVawXnLD7SDhpNgtuII2aAkg7a7QS41jxPSZ17p4VdGnMHk3MQ=="
        },
        "dotenv": {
            "version": "16.4.5",
            "resolved": "https://registry.npmjs.org/dotenv/-/dotenv-16.4.5.tgz",
            "integrity": "sha512-ZmdL2rui+eB2YwhsWzjInR8LldtZHGDoQ1ugH85ppHKwpUHL7j7rN0Ti9NCnGiQbhaZ11FpR+7ao1dNsmduNUg=="
        },
        "elliptic": {
            "version": "6.5.4",
            "resolved": "https://registry.npmjs.org/elliptic/-/elliptic-6.5.4.tgz",
            "integrity": "sha512-iLhC6ULemrljPZb+QutR5TQGB+pdW6KGD5RSegS+8sorOZT+rdQFbsQFJgvN3eRqNALqJer4oQ16YvJHlU8hzQ==",
            "requires": {
                "bn.js": "^4.11.9",
                "brorand": "^1.1.0",
                "hash.js": "^1.0.0",
                "hmac-drbg": "^1.0.1",
                "inherits": "^2.0.4",
                "minimalistic-assert": "^1.0.1",
                "minimalistic-crypto-utils": "^1.0.1"
            }
        },
        "ethers": {
            "version": "6.13.4",
            "resolved": "https://registry.npmjs.org/ethers/-/ethers-6.13.4.tgz",
            "integrity": "sha512-21YtnZVg4/zKkCQPjrDj38B1r4nQvTZLopUGMLQ1ePU2zV/joCfDC3t3iKQjWRzjjjbzR+mdAIoikeBRNkdllA==",
            "requires": {
                "@adraffy/ens-normalize": "1.10.1",
                "@noble/curves": "1.2.0",
                "@noble/hashes": "1.3.2",
                "@types/node": "22.7.5",
                "aes-js": "4.0.0-beta.5",
                "tslib": "2.7.0",
                "ws": "8.17.1"
            },
            "dependencies": {
                "@types/node": {
                    "version": "22.7.5",
                    "resolved": "https://registry.npmjs.org/@types/node/-/node-22.7.5.tgz",
                    "integrity": "sha512-jML7s2NAzMWc//QSJ1a3prpk78cOPchGvXJsC3C6R6PSMoooztvRVQEz89gmBTBY1SPMaqo5teB4uNHPdetShQ==",
                    "requires": {
                        "undici-types": "~6.19.2"
                    }
                },
                "undici-types": {
                    "version": "6.19.8",
                    "resolved": "https://registry.npmjs.org/undici-types/-/undici-types-6.19.8.tgz",
                    "integrity": "sha512-ve2KP6f/JnbPBFyobGHuerC9g1FYGn/F8n1LWTwNxCEzd6IfqTwUQcNXgEtmmQ6DlRrC1hrSrBnCZPokRrDHjw=="
                }
            }
        },
        "event-target-shim": {
            "version": "5.0.1",
            "resolved": "https://registry.npmjs.org/event-target-shim/-/event-target-shim-5.0.1.tgz",
            "integrity": "sha512-i/2XbnSz/uxRCU6+NdVJgKWDTM427+MqYbkQzD321DuCQJUqOuJKIA0IM2+W2xtYHdKOmZ4dR6fExsd4SXL+WQ=="
        },
        "flatted": {
            "version": "3.3.1",
            "resolved": "https://registry.npmjs.org/flatted/-/flatted-3.3.1.tgz",
            "integrity": "sha512-X8cqMLLie7KsNUDSdzeN8FYK9rEt4Dt67OsG/DNGnYTSDBG4uFAJFBnUeiV+zCVAvwFy56IjM9sH51jVaEhNxw=="
        },
        "follow-redirects": {
            "version": "1.15.9",
            "resolved": "https://registry.npmjs.org/follow-redirects/-/follow-redirects-1.15.9.tgz",
            "integrity": "sha512-gew4GsXizNgdoRyqmyfMHyAmXsZDk6mHkSxZFCzW9gwlbtOW44CDtYavM+y+72qD/Vq2l550kMF52DT8fOLJqQ=="
        },
        "form-data": {
            "version": "4.0.1",
            "resolved": "https://registry.npmjs.org/form-data/-/form-data-4.0.1.tgz",
            "integrity": "sha512-tzN8e4TX8+kkxGPK8D5u0FNmjPUjw3lwC9lSLxxoB/+GtsJG91CO8bSWy73APlgAZzZbXEYZJuxjkHH2w+Ezhw==",
            "requires": {
                "asynckit": "^0.4.0",
                "combined-stream": "^1.0.8",
                "mime-types": "^2.1.12"
            }
        },
        "form-data-encoder": {
            "version": "1.7.2",
            "resolved": "https://registry.npmjs.org/form-data-encoder/-/form-data-encoder-1.7.2.tgz",
            "integrity": "sha512-qfqtYan3rxrnCk1VYaA4H+Ms9xdpPqvLZa6xmMgFvhO32x7/3J/ExcTd6qpxM0vH2GdMI+poehyBZvqfMTto8A=="
        },
        "formdata-node": {
            "version": "4.4.1",
            "resolved": "https://registry.npmjs.org/formdata-node/-/formdata-node-4.4.1.tgz",
            "integrity": "sha512-0iirZp3uVDjVGt9p49aTaqjk84TrglENEDuqfdlZQ1roC9CWlPk6Avf8EEnZNcAqPonwkG35x4n3ww/1THYAeQ==",
            "requires": {
                "node-domexception": "1.0.0",
                "web-streams-polyfill": "4.0.0-beta.3"
            }
        },
        "fs-extra": {
            "version": "8.1.0",
            "resolved": "https://registry.npmjs.org/fs-extra/-/fs-extra-8.1.0.tgz",
            "integrity": "sha512-yhlQgA6mnOJUKOsRUFsgJdQCvkKhcz8tlZG5HBQfReYZy46OwLcY+Zia0mtdHsOo9y/hP+CxMN0TU9QxoOtG4g==",
            "requires": {
                "graceful-fs": "^4.2.0",
                "jsonfile": "^4.0.0",
                "universalify": "^0.1.0"
            }
        },
        "generic-pool": {
            "version": "3.9.0",
            "resolved": "https://registry.npmjs.org/generic-pool/-/generic-pool-3.9.0.tgz",
            "integrity": "sha512-hymDOu5B53XvN4QT9dBmZxPX4CWhBPPLguTZ9MMFeFa/Kg0xWVfylOVNlJji/E7yTZWFd/q9GO5TxDLq156D7g=="
        },
        "graceful-fs": {
            "version": "4.2.11",
            "resolved": "https://registry.npmjs.org/graceful-fs/-/graceful-fs-4.2.11.tgz",
            "integrity": "sha512-RbJ5/jmFcNNCcDV5o9eTnBLJ/HszWV0P73bc+Ff4nS/rJj+YaS6IGyiOL0VoBYX+l1Wrl3k63h/KrH+nhJ0XvQ=="
        },
        "hash.js": {
            "version": "1.1.3",
            "resolved": "https://registry.npmjs.org/hash.js/-/hash.js-1.1.3.tgz",
            "integrity": "sha512-/UETyP0W22QILqS+6HowevwhEFJ3MBJnwTf75Qob9Wz9t0DPuisL8kW8YZMK62dHAKE1c1p+gY1TtOLY+USEHA==",
            "requires": {
                "inherits": "^2.0.3",
                "minimalistic-assert": "^1.0.0"
            }
        },
        "hmac-drbg": {
            "version": "1.0.1",
            "resolved": "https://registry.npmjs.org/hmac-drbg/-/hmac-drbg-1.0.1.tgz",
            "integrity": "sha512-Tti3gMqLdZfhOQY1Mzf/AanLiqh1WTiJgEj26ZuYQ9fbkLomzGchCws4FyrSd4VkpBfiNhaE1On+lOz894jvXg==",
            "requires": {
                "hash.js": "^1.0.3",
                "minimalistic-assert": "^1.0.0",
                "minimalistic-crypto-utils": "^1.0.1"
            }
        },
        "humanize-ms": {
            "version": "1.2.1",
            "resolved": "https://registry.npmjs.org/humanize-ms/-/humanize-ms-1.2.1.tgz",
            "integrity": "sha512-Fl70vYtsAFb/C06PTS9dZBo7ihau+Tu/DNCk/OyHhea07S+aeMWpFFkUaXRa8fI+ScZbEI8dfSxwY7gxZ9SAVQ==",
            "requires": {
                "ms": "^2.0.0"
            }
        },
        "inherits": {
            "version": "2.0.4",
            "resolved": "https://registry.npmjs.org/inherits/-/inherits-2.0.4.tgz",
            "integrity": "sha512-k/vGaX4/Yla3WzyMCvTQOXYeIHvqOKtnqBduzTHpzpQZzAskKMhZ2K+EnBiSM9zGSoIFeMpXKxa4dYeZIQqewQ=="
        },
        "invariant": {
            "version": "2.2.4",
            "resolved": "https://registry.npmjs.org/invariant/-/invariant-2.2.4.tgz",
            "integrity": "sha512-phJfQVBuaJM5raOpJjSfkiD6BpbCE4Ns//LaXl6wGYtUBY83nWS6Rf9tXm2e8VaK60JEjYldbPif/A2B1C2gNA==",
            "requires": {
                "loose-envify": "^1.0.0"
            }
        },
        "isarray": {
            "version": "1.0.0",
            "resolved": "https://registry.npmjs.org/isarray/-/isarray-1.0.0.tgz",
            "integrity": "sha512-VLghIWNM6ELQzo7zwmcg0NmTVyWKYjvIeM83yjp0wRDTmUnrM678fQbcKBo6n2CJEF0szoG//ytg+TKla89ALQ=="
        },
        "isomorphic-ws": {
            "version": "4.0.1",
            "resolved": "https://registry.npmjs.org/isomorphic-ws/-/isomorphic-ws-4.0.1.tgz",
            "integrity": "sha512-BhBvN2MBpWTaSHdWRb/bwdZJ1WaehQ2L1KngkCkfLUGF0mAWAT1sQUQacEmQ0jXkFw/czDXPNQSL5u2/Krsz1w=="
        },
        "js-sha3": {
            "version": "0.5.7",
            "resolved": "https://registry.npmjs.org/js-sha3/-/js-sha3-0.5.7.tgz",
            "integrity": "sha512-GII20kjaPX0zJ8wzkTbNDYMY7msuZcTWk8S5UOh6806Jq/wz1J8/bnr8uGU0DAUmYDjj2Mr4X1cW8v/GLYnR+g=="
        },
        "js-tokens": {
            "version": "4.0.0",
            "resolved": "https://registry.npmjs.org/js-tokens/-/js-tokens-4.0.0.tgz",
            "integrity": "sha512-RdJUflcE3cUzKiMqQgsCu06FPu9UdIJO0beYbPhHN4k6apgJtifcoCtT9bcxOpYBtpD2kCM6Sbzg4CausW/PKQ=="
        },
        "jsonfile": {
            "version": "4.0.0",
            "resolved": "https://registry.npmjs.org/jsonfile/-/jsonfile-4.0.0.tgz",
            "integrity": "sha512-m6F1R3z8jjlf2imQHS2Qez5sjKWQzbuuhuJ/FKYFRZvPE3PuHcSMVZzfsLhGVOkfd20obL5SWEBew5ShlquNxg==",
            "requires": {
                "graceful-fs": "^4.1.6"
            }
        },
        "lodash": {
            "version": "4.17.21",
            "resolved": "https://registry.npmjs.org/lodash/-/lodash-4.17.21.tgz",
            "integrity": "sha512-v2kDEe57lecTulaDIuNTPy3Ry4gLGJ6Z1O3vE1krgXZNrsQ+LFTGHVxVjcXPs17LhbZVGedAJv8XZ1tvj5FvSg=="
        },
        "log4js": {
            "version": "6.9.1",
            "resolved": "https://registry.npmjs.org/log4js/-/log4js-6.9.1.tgz",
            "integrity": "sha512-1somDdy9sChrr9/f4UlzhdaGfDR2c/SaD2a4T7qEkG4jTS57/B3qmnjLYePwQ8cqWnUHZI0iAKxMBpCZICiZ2g==",
            "requires": {
                "date-format": "^4.0.14",
                "debug": "^4.3.4",
                "flatted": "^3.2.7",
                "rfdc": "^1.3.0",
                "streamroller": "^3.1.5"
            }
        },
        "loose-envify": {
            "version": "1.4.0",
            "resolved": "https://registry.npmjs.org/loose-envify/-/loose-envify-1.4.0.tgz",
            "integrity": "sha512-lyuxPGr/Wfhrlem2CL/UcnUc1zcqKAImBDzukY7Y5F/yQiNdko6+fRLevlw1HgMySw7f611UIY408EtxRSoK3Q==",
            "requires": {
                "js-tokens": "^3.0.0 || ^4.0.0"
            }
        },
        "mime-db": {
            "version": "1.52.0",
            "resolved": "https://registry.npmjs.org/mime-db/-/mime-db-1.52.0.tgz",
            "integrity": "sha512-sPU4uV7dYlvtWJxwwxHD0PuihVNiE7TyAbQ5SWxDCB9mUYvOgroQOwYQQOKPJ8CIbE+1ETVlOoK1UC2nU3gYvg=="
        },
        "mime-types": {
            "version": "2.1.35",
            "resolved": "https://registry.npmjs.org/mime-types/-/mime-types-2.1.35.tgz",
            "integrity": "sha512-ZDY+bPm5zTTF+YpCrAU9nK0UgICYPT0QtT1NZWFv4s++TNkcgVaT0g6+4R2uI4MjQjzysHB1zxuWL50hzaeXiw==",
            "requires": {
                "mime-db": "1.52.0"
            }
        },
        "minimalistic-assert": {
            "version": "1.0.1",
            "resolved": "https://registry.npmjs.org/minimalistic-assert/-/minimalistic-assert-1.0.1.tgz",
            "integrity": "sha512-UtJcAD4yEaGtjPezWuO9wC4nwUnVH/8/Im3yEHQP4b67cXlD/Qr9hdITCU1xDbSEXg2XKNaP8jsReV7vQd00/A=="
        },
        "minimalistic-crypto-utils": {
            "version": "1.0.1",
            "resolved": "https://registry.npmjs.org/minimalistic-crypto-utils/-/minimalistic-crypto-utils-1.0.1.tgz",
            "integrity": "sha512-JIYlbt6g8i5jKfJ3xz7rF0LXmv2TkDxBLUkiBeZ7bAx4GnnNMr8xFpGnOxn6GhTEHx3SjRrZEoU+j04prX1ktg=="
        },
        "moment": {
            "version": "2.30.1",
            "resolved": "https://registry.npmjs.org/moment/-/moment-2.30.1.tgz",
            "integrity": "sha512-uEmtNhbDOrWPFS+hdjFCBfy9f2YoyzRpwcl+DqpC6taX21FzsTLQVbMV/W7PzNSX6x/bhC1zA3c2UQ5NzH6how=="
        },
        "ms": {
            "version": "2.1.3",
            "resolved": "https://registry.npmjs.org/ms/-/ms-2.1.3.tgz",
            "integrity": "sha512-6FlzubTLZG3J2a/NVCAleEhjzq5oxgHyaCU9yYXvcLsvoVaHJq/s5xXI6/XXP6tz7R9xAOtHnSO/tXtF3WRTlA=="
        },
        "mysql": {
            "version": "2.18.1",
            "resolved": "https://registry.npmjs.org/mysql/-/mysql-2.18.1.tgz",
            "integrity": "sha512-Bca+gk2YWmqp2Uf6k5NFEurwY/0td0cpebAucFpY/3jhrwrVGuxU2uQFCHjU19SJfje0yQvi+rVWdq78hR5lig==",
            "requires": {
                "bignumber.js": "9.0.0",
                "readable-stream": "2.3.7",
                "safe-buffer": "5.1.2",
                "sqlstring": "2.3.1"
            }
        },
        "node-domexception": {
            "version": "1.0.0",
            "resolved": "https://registry.npmjs.org/node-domexception/-/node-domexception-1.0.0.tgz",
            "integrity": "sha512-/jKZoMpw0F8GRwl4/eLROPA3cfcXtLApP0QzLmUT/HuPCZWyB7IY9ZrMeKw2O/nFIqPQB3PVM9aYm0F312AXDQ=="
        },
        "node-fetch": {
            "version": "2.7.0",
            "resolved": "https://registry.npmjs.org/node-fetch/-/node-fetch-2.7.0.tgz",
            "integrity": "sha512-c4FRfUm/dbcWZ7U+1Wq0AwCyFL+3nt2bEw05wfxSz+DWpWsitgmSgYmy2dQdWyKC1694ELPqMs/YzUSNozLt8A==",
            "requires": {
                "whatwg-url": "^5.0.0"
            }
        },
        "openai": {
            "version": "4.68.4",
            "resolved": "https://registry.npmjs.org/openai/-/openai-4.68.4.tgz",
            "integrity": "sha512-LRinV8iU9VQplkr25oZlyrsYGPGasIwYN8KFMAAFTHHLHjHhejtJ5BALuLFrkGzY4wfbKhOhuT+7lcHZ+F3iEA==",
            "requires": {
                "@types/node": "^18.11.18",
                "@types/node-fetch": "^2.6.4",
                "abort-controller": "^3.0.0",
                "agentkeepalive": "^4.2.1",
                "form-data-encoder": "1.7.2",
                "formdata-node": "^4.3.2",
                "node-fetch": "^2.6.7"
            }
        },
        "process-nextick-args": {
            "version": "2.0.1",
            "resolved": "https://registry.npmjs.org/process-nextick-args/-/process-nextick-args-2.0.1.tgz",
            "integrity": "sha512-3ouUOpQhtgrbOa17J7+uxOTpITYWaGP7/AhoR3+A+/1e9skrzelGi/dXzEYyvbxubEF6Wn2ypscTKiKJFFn1ag=="
        },
        "proxy-from-env": {
            "version": "1.1.0",
            "resolved": "https://registry.npmjs.org/proxy-from-env/-/proxy-from-env-1.1.0.tgz",
            "integrity": "sha512-D+zkORCbA9f1tdWRK0RaCR3GPv50cMxcrz4X8k5LTSUD1Dkw47mKJEZQNunItRTkWwgtaUSo1RVFRIG9ZXiFYg=="
        },
        "readable-stream": {
            "version": "2.3.7",
            "resolved": "https://registry.npmjs.org/readable-stream/-/readable-stream-2.3.7.tgz",
            "integrity": "sha512-Ebho8K4jIbHAxnuxi7o42OrZgF/ZTNcsZj6nRKyUmkhLFq8CHItp/fy6hQZuZmP/n3yZ9VBUbp4zz/mX8hmYPw==",
            "requires": {
                "core-util-is": "~1.0.0",
                "inherits": "~2.0.3",
                "isarray": "~1.0.0",
                "process-nextick-args": "~2.0.0",
                "safe-buffer": "~5.1.1",
                "string_decoder": "~1.1.1",
                "util-deprecate": "~1.0.1"
            }
        },
        "redis": {
            "version": "4.7.0",
            "resolved": "https://registry.npmjs.org/redis/-/redis-4.7.0.tgz",
            "integrity": "sha512-zvmkHEAdGMn+hMRXuMBtu4Vo5P6rHQjLoHftu+lBqq8ZTA3RCVC/WzD790bkKKiNFp7d5/9PcSD19fJyyRvOdQ==",
            "requires": {
                "@redis/bloom": "1.2.0",
                "@redis/client": "1.6.0",
                "@redis/graph": "1.1.1",
                "@redis/json": "1.0.7",
                "@redis/search": "1.2.0",
                "@redis/time-series": "1.1.0"
            }
        },
        "regenerator-runtime": {
            "version": "0.14.1",
            "resolved": "https://registry.npmjs.org/regenerator-runtime/-/regenerator-runtime-0.14.1.tgz",
            "integrity": "sha512-dYnhHh0nJoMfnkZs6GmmhFknAGRrLznOu5nc9ML+EJxGvrx6H7teuevqVqCuPcPK//3eDrrjQhehXVx9cnkGdw=="
        },
        "rfdc": {
            "version": "1.4.1",
            "resolved": "https://registry.npmjs.org/rfdc/-/rfdc-1.4.1.tgz",
            "integrity": "sha512-q1b3N5QkRUWUl7iyylaaj3kOpIT0N2i9MqIEQXP73GVsN9cw3fdx8X63cEmWhJGi2PPCF23Ijp7ktmd39rawIA=="
        },
        "safe-buffer": {
            "version": "5.1.2",
            "resolved": "https://registry.npmjs.org/safe-buffer/-/safe-buffer-5.1.2.tgz",
            "integrity": "sha512-Gd2UZBJDkXlY7GbJxfsE8/nvKkUEU1G38c1siN6QP6a9PT9MmHB8GnpscSmMJSoF8LOIrt8ud/wPtojys4G6+g=="
        },
        "scrypt-js": {
            "version": "2.0.4",
            "resolved": "https://registry.npmjs.org/scrypt-js/-/scrypt-js-2.0.4.tgz",
            "integrity": "sha512-4KsaGcPnuhtCZQCxFxN3GVYIhKFPTdLd8PLC552XwbMndtD0cjRFAhDuuydXQ0h08ZfPgzqe6EKHozpuH74iDw=="
        },
        "setimmediate": {
            "version": "1.0.4",
            "resolved": "https://registry.npmjs.org/setimmediate/-/setimmediate-1.0.4.tgz",
            "integrity": "sha512-/TjEmXQVEzdod/FFskf3o7oOAsGhHf2j1dZqRFbDzq4F3mvvxflIIi4Hd3bLQE9y/CpwqfSQam5JakI/mi3Pog=="
        },
        "sqlstring": {
            "version": "2.3.1",
            "resolved": "https://registry.npmjs.org/sqlstring/-/sqlstring-2.3.1.tgz",
            "integrity": "sha512-ooAzh/7dxIG5+uDik1z/Rd1vli0+38izZhGzSa34FwR7IbelPWCCKSNIl8jlL/F7ERvy8CB2jNeM1E9i9mXMAQ=="
        },
        "streamroller": {
            "version": "3.1.5",
            "resolved": "https://registry.npmjs.org/streamroller/-/streamroller-3.1.5.tgz",
            "integrity": "sha512-KFxaM7XT+irxvdqSP1LGLgNWbYN7ay5owZ3r/8t77p+EtSUAfUgtl7be3xtqtOmGUl9K9YPO2ca8133RlTjvKw==",
            "requires": {
                "date-format": "^4.0.14",
                "debug": "^4.3.4",
                "fs-extra": "^8.1.0"
            }
        },
        "string_decoder": {
            "version": "1.1.1",
            "resolved": "https://registry.npmjs.org/string_decoder/-/string_decoder-1.1.1.tgz",
            "integrity": "sha512-n/ShnvDi6FHbbVfviro+WojiFzv+s8MPMHBczVePfUpDJLwoLT0ht1l4YwBCbi8pJAveEEdnkHyPyTP/mzRfwg==",
            "requires": {
                "safe-buffer": "~5.1.0"
            }
        },
        "tr46": {
            "version": "0.0.3",
            "resolved": "https://registry.npmjs.org/tr46/-/tr46-0.0.3.tgz",
            "integrity": "sha512-N3WMsuqV66lT30CrXNbEjx4GEwlow3v6rr4mCcv6prnfwhS01rkgyFdjPNBYd9br7LpXV1+Emh01fHnq2Gdgrw=="
        },
        "tslib": {
            "version": "2.7.0",
            "resolved": "https://registry.npmjs.org/tslib/-/tslib-2.7.0.tgz",
            "integrity": "sha512-gLXCKdN1/j47AiHiOkJN69hJmcbGTHI0ImLmbYLHykhgeN0jVGola9yVjFgzCUklsZQMW55o+dW7IXv3RCXDzA=="
        },
        "twitter-api-sdk": {
            "version": "1.2.1",
            "resolved": "https://registry.npmjs.org/twitter-api-sdk/-/twitter-api-sdk-1.2.1.tgz",
            "integrity": "sha512-tNQ6DGYucFk94JlnUMsHCkHg5o1wnCdHh71Y2ukygNVssOdD1gNVjOpaojJrdwbEAhoZvcWdGHerCa55F8HKxQ==",
            "requires": {
                "abort-controller": "^3.0.0",
                "node-fetch": "^2.6.1"
            }
        },
        "undici-types": {
            "version": "5.26.5",
            "resolved": "https://registry.npmjs.org/undici-types/-/undici-types-5.26.5.tgz",
            "integrity": "sha512-JlCMO+ehdEIKqlFxk6IfVoAUVmgz7cU7zD/h9XZ0qzeosSHmUJVOzSQvvYSYWXkFXC+IfLKSIffhv0sVZup6pA=="
        },
        "universalify": {
            "version": "0.1.2",
            "resolved": "https://registry.npmjs.org/universalify/-/universalify-0.1.2.tgz",
            "integrity": "sha512-rBJeI5CXAlmy1pV+617WB9J63U6XcazHHF2f2dbJix4XzpUF0RS3Zbj0FGIOCAva5P/d/GBOYaACQ1w+0azUkg=="
        },
        "util-deprecate": {
            "version": "1.0.2",
            "resolved": "https://registry.npmjs.org/util-deprecate/-/util-deprecate-1.0.2.tgz",
            "integrity": "sha512-EPD5q1uXyFxJpCrLnCc1nHnq3gOa6DZBocAIiI2TaSCA7VCJ1UJDMagCzIkXNsUYfD1daK//LTEQ8xiIbrHtcw=="
        },
        "uuid": {
            "version": "2.0.1",
            "resolved": "https://registry.npmjs.org/uuid/-/uuid-2.0.1.tgz",
            "integrity": "sha512-nWg9+Oa3qD2CQzHIP4qKUqwNfzKn8P0LtFhotaCTFchsV7ZfDhAybeip/HZVeMIpZi9JgY1E3nUlwaCmZT1sEg=="
        },
        "web-streams-polyfill": {
            "version": "4.0.0-beta.3",
            "resolved": "https://registry.npmjs.org/web-streams-polyfill/-/web-streams-polyfill-4.0.0-beta.3.tgz",
            "integrity": "sha512-QW95TCTaHmsYfHDybGMwO5IJIM93I/6vTRk+daHTWFPhwh+C8Cg7j7XyKrwrj8Ib6vYXe0ocYNrmzY4xAAN6ug=="
        },
        "webidl-conversions": {
            "version": "3.0.1",
            "resolved": "https://registry.npmjs.org/webidl-conversions/-/webidl-conversions-3.0.1.tgz",
            "integrity": "sha512-2JAn3z8AR6rjK8Sm8orRC0h/bcl/DqL7tRPdGZ4I1CjdF+EaMLmYxBHyXuKL849eucPFhvBoxMsflfOb8kxaeQ=="
        },
        "whatwg-url": {
            "version": "5.0.0",
            "resolved": "https://registry.npmjs.org/whatwg-url/-/whatwg-url-5.0.0.tgz",
            "integrity": "sha512-saE57nupxk6v3HY35+jzBwYa0rKSy0XR8JSxZPwgLr7ys0IBzhGviA1/TUGJLmSVqs8pb9AnvICXEuOHLprYTw==",
            "requires": {
                "tr46": "~0.0.3",
                "webidl-conversions": "^3.0.0"
            }
        },
        "ws": {
            "version": "8.17.1",
            "resolved": "https://registry.npmjs.org/ws/-/ws-8.17.1.tgz",
            "integrity": "sha512-6XQFvXTkbfUOZOKKILFG1PDK2NDQs4azKQl26T0YS5CxqWLgXajbPZ+h4gZekJyRqFU8pvnbAbbs/3TgRPy+GQ=="
        },
        "xmlhttprequest": {
            "version": "1.8.0",
            "resolved": "https://registry.npmjs.org/xmlhttprequest/-/xmlhttprequest-1.8.0.tgz",
            "integrity": "sha512-58Im/U0mlVBLM38NdZjHyhuMtCqa61469k2YP/AaPbvCoV9aQGUpbJBj1QRm2ytRiVQBD/fsw7L2bJGDVQswBA=="
        },
        "yallist": {
            "version": "4.0.0",
            "resolved": "https://registry.npmjs.org/yallist/-/yallist-4.0.0.tgz",
            "integrity": "sha512-3wdGidZyq5PB084XLES5TpOSRA3wjXAlIWMhum2kRcv/41Sn2emQ0dycQW4uZXLejwKvg6EsvbdlVL+FYEct7A=="
        },
        "zod": {
            "version": "3.23.8",
            "resolved": "https://registry.npmjs.org/zod/-/zod-3.23.8.tgz",
            "integrity": "sha512-XBx9AXhXktjUqnepgTiE5flcKIYWi/rme0Eaj+5Y0lftuGBq+jyRu/md4WnuxqgP1ubdpNCsYEYPxrzVHD8d6g=="
        }
    }
}
